# THIS IS AN AUTOGENERATED FILE. DO NOT EDIT THIS FILE DIRECTLY.
# yarn lockfile v1


tailwindcss-debug-screens@^2.2.1:
  version "2.2.1"
  resolved "https://registry.yarnpkg.com/tailwindcss-debug-screens/-/tailwindcss-debug-screens-2.2.1.tgz#8dd0854a273daa4f30f4c383370872c6bca337cd"
  integrity sha512-EMyA0CYBzqcZJHtVDvBfmYzfx3NxuK4qDyVO5wnzcGOrmJsv25D9xPpWefVTORTvhE6pCh90Z1WYnLUKsg3yMw==
